// !$*UTF8*$!
{
	archiveVersion = 1;
	classes = {
	};
	objectVersion = 55;
	objects = {

/* Begin PBXBuildFile section */
		C91108CD2892698E0087FB49 /* HospitalNearUsersApp.swift in Sources */ = {isa = PBXBuildFile; fileRef = C91108CC2892698E0087FB49 /* HospitalNearUsersApp.swift */; };
		C91108CF2892698E0087FB49 /* MainView.swift in Sources */ = {isa = PBXBuildFile; fileRef = C91108CE2892698E0087FB49 /* MainView.swift */; };
		C91108D12892698F0087FB49 /* Assets.xcassets in Resources */ = {isa = PBXBuildFile; fileRef = C91108D02892698F0087FB49 /* Assets.xcassets */; };
		C91108D42892698F0087FB49 /* Preview Assets.xcassets in Resources */ = {isa = PBXBuildFile; fileRef = C91108D32892698F0087FB49 /* Preview Assets.xcassets */; };
		C91108DB28926A450087FB49 /* MapViewManager.swift in Sources */ = {isa = PBXBuildFile; fileRef = C91108DA28926A450087FB49 /* MapViewManager.swift */; };
		C9651F402892794800474677 /* Hospital.swift in Sources */ = {isa = PBXBuildFile; fileRef = C9651F3F2892794800474677 /* Hospital.swift */; };
		C9651F4228927A3800474677 /* HospitalAnnotation.swift in Sources */ = {isa = PBXBuildFile; fileRef = C9651F4128927A3800474677 /* HospitalAnnotation.swift */; };
		C9651F4528927AB600474677 /* LocationManager.swift in Sources */ = {isa = PBXBuildFile; fileRef = C9651F4428927AB600474677 /* LocationManager.swift */; };
		C9651F4728927B6F00474677 /* Coordinator.swift in Sources */ = {isa = PBXBuildFile; fileRef = C9651F4628927B6F00474677 /* Coordinator.swift */; };
		C9651F4928927C6D00474677 /* HospitalsListView.swift in Sources */ = {isa = PBXBuildFile; fileRef = C9651F4828927C6D00474677 /* HospitalsListView.swift */; };
		C9651F4B28927D9900474677 /* MapView.swift in Sources */ = {isa = PBXBuildFile; fileRef = C9651F4A28927D9900474677 /* MapView.swift */; };
/* End PBXBuildFile section */

/* Begin PBXFileReference section */
		C91108C92892698E0087FB49 /* HospitalNearUsers.app */ = {isa = PBXFileReference; explicitFileType = wrapper.application; includeInIndex = 0; path = HospitalNearUsers.app; sourceTree = BUILT_PRODUCTS_DIR; };
		C91108CC2892698E0087FB49 /* HospitalNearUsersApp.swift */ = {isa = PBXFileReference; lastKnownFileType = sourcecode.swift; path = HospitalNearUsersApp.swift; sourceTree = "<group>"; };
		C91108CE2892698E0087FB49 /* MainView.swift */ = {isa = PBXFileReference; lastKnownFileType = sourcecode.swift; path = MainView.swift; sourceTree = "<group>"; };
		C91108D02892698F0087FB49 /* Assets.xcassets */ = {isa = PBXFileReference; lastKnownFileType = folder.assetcatalog; path = Assets.xcassets; sourceTree = "<group>"; };
		C91108D32892698F0087FB49 /* Preview Assets.xcassets */ = {isa = PBXFileReference; lastKnownFileType = folder.assetcatalog; path = "Preview Assets.xcassets"; sourceTree = "<group>"; };
		C91108DA28926A450087FB49 /* MapViewManager.swift */ = {isa = PBXFileReference; lastKnownFileType = sourcecode.swift; path = MapViewManager.swift; sourceTree = "<group>"; };
		C9651F3F2892794800474677 /* Hospital.swift */ = {isa = PBXFileReference; lastKnownFileType = sourcecode.swift; path = Hospital.swift; sourceTree = "<group>"; };
		C9651F4128927A3800474677 /* HospitalAnnotation.swift */ = {isa = PBXFileReference; lastKnownFileType = sourcecode.swift; path = HospitalAnnotation.swift; sourceTree = "<group>"; };
		C9651F4428927AB600474677 /* LocationManager.swift */ = {isa = PBXFileReference; lastKnownFileType = sourcecode.swift; path = LocationManager.swift; sourceTree = "<group>"; };
		C9651F4628927B6F00474677 /* Coordinator.swift */ = {isa = PBXFileReference; lastKnownFileType = sourcecode.swift; path = Coordinator.swift; sourceTree = "<group>"; };
		C9651F4828927C6D00474677 /* HospitalsListView.swift */ = {isa = PBXFileReference; lastKnownFileType = sourcecode.swift; path = HospitalsListView.swift; sourceTree = "<group>"; };
		C9651F4A28927D9900474677 /* MapView.swift */ = {isa = PBXFileReference; lastKnownFileType = sourcecode.swift; path = MapView.swift; sourceTree = "<group>"; };
/* End PBXFileReference section */

/* Begin PBXFrameworksBuildPhase section */
		C91108C62892698E0087FB49 /* Frameworks */ = {
			isa = PBXFrameworksBuildPhase;
			buildActionMask = 2147483647;
			files = (
			);
			runOnlyForDeploymentPostprocessing = 0;
		};
/* End PBXFrameworksBuildPhase section */

/* Begin PBXGroup section */
		C91108C02892698E0087FB49 = {
			isa = PBXGroup;
			children = (
				C91108CB2892698E0087FB49 /* HospitalNearUsers */,
				C91108CA2892698E0087FB49 /* Products */,
			);
			sourceTree = "<group>";
		};
		C91108CA2892698E0087FB49 /* Products */ = {
			isa = PBXGroup;
			children = (
				C91108C92892698E0087FB49 /* HospitalNearUsers.app */,
			);
			name = Products;
			sourceTree = "<group>";
		};
		C91108CB2892698E0087FB49 /* HospitalNearUsers */ = {
			isa = PBXGroup;
			children = (
				C9651F4328927A9C00474677 /* Managers */,
				C9651F3E2892792C00474677 /* Models */,
				C91108DC28926A4E0087FB49 /* Views */,
				C91108DD289271660087FB49 /* Resources */,
				C91108D22892698F0087FB49 /* Preview Content */,
			);
			path = HospitalNearUsers;
			sourceTree = "<group>";
		};
		C91108D22892698F0087FB49 /* Preview Content */ = {
			isa = PBXGroup;
			children = (
				C91108D32892698F0087FB49 /* Preview Assets.xcassets */,
			);
			path = "Preview Content";
			sourceTree = "<group>";
		};
		C91108DC28926A4E0087FB49 /* Views */ = {
			isa = PBXGroup;
			children = (
				C91108CE2892698E0087FB49 /* MainView.swift */,
				C9651F4A28927D9900474677 /* MapView.swift */,
				C9651F4828927C6D00474677 /* HospitalsListView.swift */,
			);
			path = Views;
			sourceTree = "<group>";
		};
		C91108DD289271660087FB49 /* Resources */ = {
			isa = PBXGroup;
			children = (
				C91108CC2892698E0087FB49 /* HospitalNearUsersApp.swift */,
				C91108D02892698F0087FB49 /* Assets.xcassets */,
			);
			path = Resources;
			sourceTree = "<group>";
		};
		C9651F3E2892792C00474677 /* Models */ = {
			isa = PBXGroup;
			children = (
				C9651F3F2892794800474677 /* Hospital.swift */,
				C9651F4128927A3800474677 /* HospitalAnnotation.swift */,
			);
			path = Models;
			sourceTree = "<group>";
		};
		C9651F4328927A9C00474677 /* Managers */ = {
			isa = PBXGroup;
			children = (
				C9651F4428927AB600474677 /* LocationManager.swift */,
				C91108DA28926A450087FB49 /* MapViewManager.swift */,
				C9651F4628927B6F00474677 /* Coordinator.swift */,
			);
			path = Managers;
			sourceTree = "<group>";
		};
/* End PBXGroup section */

/* Begin PBXNativeTarget section */
		C91108C82892698E0087FB49 /* HospitalNearUsers */ = {
			isa = PBXNativeTarget;
			buildConfigurationList = C91108D72892698F0087FB49 /* Build configuration list for PBXNativeTarget "HospitalNearUsers" */;
			buildPhases = (
				C91108C52892698E0087FB49 /* Sources */,
				C91108C62892698E0087FB49 /* Frameworks */,
				C91108C72892698E0087FB49 /* Resources */,
			);
			buildRules = (
			);
			dependencies = (
			);
			name = HospitalNearUsers;
			productName = HospitalNearUsers;
			productReference = C91108C92892698E0087FB49 /* HospitalNearUsers.app */;
			productType = "com.apple.product-type.application";
		};
/* End PBXNativeTarget section */

/* Begin PBXProject section */
		C91108C12892698E0087FB49 /* Project object */ = {
			isa = PBXProject;
			attributes = {
				BuildIndependentTargetsInParallel = 1;
				LastSwiftUpdateCheck = 1340;
				LastUpgradeCheck = 1340;
				TargetAttributes = {
					C91108C82892698E0087FB49 = {
						CreatedOnToolsVersion = 13.4.1;
					};
				};
			};
			buildConfigurationList = C91108C42892698E0087FB49 /* Build configuration list for PBXProject "HospitalNearUsers" */;
			compatibilityVersion = "Xcode 13.0";
			developmentRegion = en;
			hasScannedForEncodings = 0;
			knownRegions = (
				en,
				Base,
			);
			mainGroup = C91108C02892698E0087FB49;
			productRefGroup = C91108CA2892698E0087FB49 /* Products */;
			projectDirPath = "";
			projectRoot = "";
			targets = (
				C91108C82892698E0087FB49 /* HospitalNearUsers */,
			);
		};
/* End PBXProject section */

/* Begin PBXResourcesBuildPhase section */
		C91108C72892698E0087FB49 /* Resources */ = {
			isa = PBXResourcesBuildPhase;
			buildActionMask = 2147483647;
			files = (
				C91108D42892698F0087FB49 /* Preview Assets.xcassets in Resources */,
				C91108D12892698F0087FB49 /* Assets.xcassets in Resources */,
			);
			runOnlyForDeploymentPostprocessing = 0;
		};
/* End PBXResourcesBuildPhase section */

/* Begin PBXSourcesBuildPhase section */
		C91108C52892698E0087FB49 /* Sources */ = {
			isa = PBXSourcesBuildPhase;
			buildActionMask = 2147483647;
			files = (
				C9651F4928927C6D00474677 /* HospitalsListView.swift in Sources */,
				C9651F4228927A3800474677 /* HospitalAnnotation.swift in Sources */,
				C91108CF2892698E0087FB49 /* MainView.swift in Sources */,
				C9651F4528927AB600474677 /* LocationManager.swift in Sources */,
				C9651F402892794800474677 /* Hospital.swift in Sources */,
				C91108DB28926A450087FB49 /* MapViewManager.swift in Sources */,
				C91108CD2892698E0087FB49 /* HospitalNearUsersApp.swift in Sources */,
				C9651F4B28927D9900474677 /* MapView.swift in Sources */,
				C9651F4728927B6F00474677 /* Coordinator.swift in Sources */,
			);
			runOnlyForDeploymentPostprocessing = 0;
		};
/* End PBXSourcesBuildPhase section */

/* Begin XCBuildConfiguration section */
		C91108D52892698F0087FB49 /* Debug */ = {
			isa = XCBuildConfiguration;
			buildSettings = {
				ALWAYS_SEARCH_USER_PATHS = NO;
				CLANG_ANALYZER_NONNULL = YES;
				CLANG_ANALYZER_NUMBER_OBJECT_CONVERSION = YES_AGGRESSIVE;
				CLANG_CXX_LANGUAGE_STANDARD = "gnu++17";
				CLANG_ENABLE_MODULES = YES;
				CLANG_ENABLE_OBJC_ARC = YES;
				CLANG_ENABLE_OBJC_WEAK = YES;
				CLANG_WARN_BLOCK_CAPTURE_AUTORELEASING = YES;
				CLANG_WARN_BOOL_CONVERSION = YES;
				CLANG_WARN_COMMA = YES;
				CLANG_WARN_CONSTANT_CONVERSION = YES;
				CLANG_WARN_DEPRECATED_OBJC_IMPLEMENTATIONS = YES;
				CLANG_WARN_DIRECT_OBJC_ISA_USAGE = YES_ERROR;
				CLANG_WARN_DOCUMENTATION_COMMENTS = YES;
				CLANG_WARN_EMPTY_BODY = YES;
				CLANG_WARN_ENUM_CONVERSION = YES;
				CLANG_WARN_INFINITE_RECURSION = YES;
				CLANG_WARN_INT_CONVERSION = YES;
				CLANG_WARN_NON_LITERAL_NULL_CONVERSION = YES;
				CLANG_WARN_OBJC_IMPLICIT_RETAIN_SELF = YES;
				CLANG_WARN_OBJC_LITERAL_CONVERSION = YES;
				CLANG_WARN_OBJC_ROOT_CLASS = YES_ERROR;
				CLANG_WARN_QUOTED_INCLUDE_IN_FRAMEWORK_HEADER = YES;
				CLANG_WARN_RANGE_LOOP_ANALYSIS = YES;
				CLANG_WARN_STRICT_PROTOTYPES = YES;
				CLANG_WARN_SUSPICIOUS_MOVE = YES;
				CLANG_WARN_UNGUARDED_AVAILABILITY = YES_AGGRESSIVE;
				CLANG_WARN_UNREACHABLE_CODE = YES;
				CLANG_WARN__DUPLICATE_METHOD_MATCH = YES;
				COPY_PHASE_STRIP = NO;
				DEBUG_INFORMATION_FORMAT = dwarf;
				ENABLE_STRICT_OBJC_MSGSEND = YES;
				ENABLE_TESTABILITY = YES;
				GCC_C_LANGUAGE_STANDARD = gnu11;
				GCC_DYNAMIC_NO_PIC = NO;
				GCC_NO_COMMON_BLOCKS = YES;
				GCC_OPTIMIZATION_LEVEL = 0;
				GCC_PREPROCESSOR_DEFINITIONS = (
					"DEBUG=1",
					"$(inherited)",
				);
				GCC_WARN_64_TO_32_BIT_CONVERSION = YES;
				GCC_WARN_ABOUT_RETURN_TYPE = YES_ERROR;
				GCC_WARN_UNDECLARED_SELECTOR = YES;
				GCC_WARN_UNINITIALIZED_AUTOS = YES_AGGRESSIVE;
				GCC_WARN_UNUSED_FUNCTION = YES;
				GCC_WARN_UNUSED_VARIABLE = YES;
				IPHONEOS_DEPLOYMENT_TARGET = 15.5;
				MTL_ENABLE_DEBUG_INFO = INCLUDE_SOURCE;
				MTL_FAST_MATH = YES;
				ONLY_ACTIVE_ARCH = YES;
				SDKROOT = iphoneos;
				SWIFT_ACTIVE_COMPILATION_CONDITIONS = DEBUG;
				SWIFT_OPTIMIZATION_LEVEL = "-Onone";
			};
			name = Debug;
		};
		C91108D62892698F0087FB49 /* Release */ = {
			isa = XCBuildConfiguration;
			buildSettings = {
				ALWAYS_SEARCH_USER_PATHS = NO;
				CLANG_ANALYZER_NONNULL = YES;
				CLANG_ANALYZER_NUMBER_OBJECT_CONVERSION = YES_AGGRESSIVE;
				CLANG_CXX_LANGUAGE_STANDARD = "gnu++17";
				CLANG_ENABLE_MODULES = YES;
				CLANG_ENABLE_OBJC_ARC = YES;
				CLANG_ENABLE_OBJC_WEAK = YES;
				CLANG_WARN_BLOCK_CAPTURE_AUTORELEASING = YES;
				CLANG_WARN_BOOL_CONVERSION = YES;
				CLANG_WARN_COMMA = YES;
				CLANG_WARN_CONSTANT_CONVERSION = YES;
				CLANG_WARN_DEPRECATED_OBJC_IMPLEMENTATIONS = YES;
				CLANG_WARN_DIRECT_OBJC_ISA_USAGE = YES_ERROR;
				CLANG_WARN_DOCUMENTATION_COMMENTS = YES;
				CLANG_WARN_EMPTY_BODY = YES;
				CLANG_WARN_ENUM_CONVERSION = YES;
				CLANG_WARN_INFINITE_RECURSION = YES;
				CLANG_WARN_INT_CONVERSION = YES;
				CLANG_WARN_NON_LITERAL_NULL_CONVERSION = YES;
				CLANG_WARN_OBJC_IMPLICIT_RETAIN_SELF = YES;
				CLANG_WARN_OBJC_LITERAL_CONVERSION = YES;
				CLANG_WARN_OBJC_ROOT_CLASS = YES_ERROR;
				CLANG_WARN_QUOTED_INCLUDE_IN_FRAMEWORK_HEADER = YES;
				CLANG_WARN_RANGE_LOOP_ANALYSIS = YES;
				CLANG_WARN_STRICT_PROTOTYPES = YES;
				CLANG_WARN_SUSPICIOUS_MOVE = YES;
				CLANG_WARN_UNGUARDED_AVAILABILITY = YES_AGGRESSIVE;
				CLANG_WARN_UNREACHABLE_CODE = YES;
				CLANG_WARN__DUPLICATE_METHOD_MATCH = YES;
				COPY_PHASE_STRIP = NO;
				DEBUG_INFORMATION_FORMAT = "dwarf-with-dsym";
				ENABLE_NS_ASSERTIONS = NO;
				ENABLE_STRICT_OBJC_MSGSEND = YES;
				GCC_C_LANGUAGE_STANDARD = gnu11;
				GCC_NO_COMMON_BLOCKS = YES;
				GCC_WARN_64_TO_32_BIT_CONVERSION = YES;
				GCC_WARN_ABOUT_RETURN_TYPE = YES_ERROR;
				GCC_WARN_UNDECLARED_SELECTOR = YES;
				GCC_WARN_UNINITIALIZED_AUTOS = YES_AGGRESSIVE;
				GCC_WARN_UNUSED_FUNCTION = YES;
				GCC_WARN_UNUSED_VARIABLE = YES;
				IPHONEOS_DEPLOYMENT_TARGET = 15.5;
				MTL_ENABLE_DEBUG_INFO = NO;
				MTL_FAST_MATH = YES;
				SDKROOT = iphoneos;
				SWIFT_COMPILATION_MODE = wholemodule;
				SWIFT_OPTIMIZATION_LEVEL = "-O";
				VALIDATE_PRODUCT = YES;
			};
			name = Release;
		};
		C91108D82892698F0087FB49 /* Debug */ = {
			isa = XCBuildConfiguration;
			buildSettings = {
				ASSETCATALOG_COMPILER_APPICON_NAME = AppIcon;
				ASSETCATALOG_COMPILER_GLOBAL_ACCENT_COLOR_NAME = AccentColor;
				CODE_SIGN_STYLE = Automatic;
				CURRENT_PROJECT_VERSION = 1;
				DEVELOPMENT_ASSET_PATHS = "\"HospitalNearUsers/Preview Content\"";
				DEVELOPMENT_TEAM = ALTGSDSZNG;
				ENABLE_PREVIEWS = YES;
				GENERATE_INFOPLIST_FILE = YES;
				INFOPLIST_KEY_NSLocationWhenInUseUsageDescription = "HospitalNearUsers app requires access to your location";
				INFOPLIST_KEY_UIApplicationSceneManifest_Generation = YES;
				INFOPLIST_KEY_UIApplicationSupportsIndirectInputEvents = YES;
				INFOPLIST_KEY_UILaunchScreen_Generation = YES;
				INFOPLIST_KEY_UISupportedInterfaceOrientations_iPad = "UIInterfaceOrientationPortrait UIInterfaceOrientationPortraitUpsideDown UIInterfaceOrientationLandscapeLeft UIInterfaceOrientationLandscapeRight";
				INFOPLIST_KEY_UISupportedInterfaceOrientations_iPhone = "UIInterfaceOrientationPortrait UIInterfaceOrientationLandscapeLeft UIInterfaceOrientationLandscapeRight";
				LD_RUNPATH_SEARCH_PATHS = (
					"$(inherited)",
					"@executable_path/Frameworks",
				);
				MARKETING_VERSION = 1.0;
				PRODUCT_BUNDLE_IDENTIFIER = com.tasukuYamamoto.HospitalNearUsers;
				PRODUCT_NAME = "$(TARGET_NAME)";
				SWIFT_EMIT_LOC_STRINGS = YES;
				SWIFT_VERSION = 5.0;
				TARGETED_DEVICE_FAMILY = "1,2";
			};
			name = Debug;
		};
		C91108D92892698F0087FB49 /* Release */ = {
			isa = XCBuildConfiguration;
			buildSettings = {
				ASSETCATALOG_COMPILER_APPICON_NAME = AppIcon;
				ASSETCATALOG_COMPILER_GLOBAL_ACCENT_COLOR_NAME = AccentColor;
				CODE_SIGN_STYLE = Automatic;
				CURRENT_PROJECT_VERSION = 1;
				DEVELOPMENT_ASSET_PATHS = "\"HospitalNearUsers/Preview Content\"";
				DEVELOPMENT_TEAM = ALTGSDSZNG;
				ENABLE_PREVIEWS = YES;
				GENERATE_INFOPLIST_FILE = YES;
				INFOPLIST_KEY_NSLocationWhenInUseUsageDescription = "HospitalNearUsers app requires access to your location";
				INFOPLIST_KEY_UIApplicationSceneManifest_Generation = YES;
				INFOPLIST_KEY_UIApplicationSupportsIndirectInputEvents = YES;
				INFOPLIST_KEY_UILaunchScreen_Generation = YES;
				INFOPLIST_KEY_UISupportedInterfaceOrientations_iPad = "UIInterfaceOrientationPortrait UIInterfaceOrientationPortraitUpsideDown UIInterfaceOrientationLandscapeLeft UIInterfaceOrientationLandscapeRight";
				INFOPLIST_KEY_UISupportedInterfaceOrientations_iPhone = "UIInterfaceOrientationPortrait UIInterfaceOrientationLandscapeLeft UIInterfaceOrientationLandscapeRight";
				LD_RUNPATH_SEARCH_PATHS = (
					"$(inherited)",
					"@executable_path/Frameworks",
				);
				MARKETING_VERSION = 1.0;
				PRODUCT_BUNDLE_IDENTIFIER = com.tasukuYamamoto.HospitalNearUsers;
				PRODUCT_NAME = "$(TARGET_NAME)";
				SWIFT_EMIT_LOC_STRINGS = YES;
				SWIFT_VERSION = 5.0;
				TARGETED_DEVICE_FAMILY = "1,2";
			};
			name = Release;
		};
/* End XCBuildConfiguration section */

/* Begin XCConfigurationList section */
		C91108C42892698E0087FB49 /* Build configuration list for PBXProject "HospitalNearUsers" */ = {
			isa = XCConfigurationList;
			buildConfigurations = (
				C91108D52892698F0087FB49 /* Debug */,
				C91108D62892698F0087FB49 /* Release */,
			);
			defaultConfigurationIsVisible = 0;
			defaultConfigurationName = Release;
		};
		C91108D72892698F0087FB49 /* Build configuration list for PBXNativeTarget "HospitalNearUsers" */ = {
			isa = XCConfigurationList;
			buildConfigurations = (
				C91108D82892698F0087FB49 /* Debug */,
				C91108D92892698F0087FB49 /* Release */,
			);
			defaultConfigurationIsVisible = 0;
			defaultConfigurationName = Release;
		};
/* End XCConfigurationList section */
	};
	rootObject = C91108C12892698E0087FB49 /* Project object */;
}
